
Microsoft Visual Studio Solution File, Format Version 12.00
# Visual Studio Version 17
VisualStudioVersion = 17.9.34728.123
MinimumVisualStudioVersion = 10.0.40219.1
Project("{FAE04EC0-301F-11D3-BF4B-00C04F79EFBC}") = "SingleFile", "SingleFile\SingleFile.csproj", "{20FC38A1-4CCC-4E7D-B0CC-2E6143802CB0}"
EndProject
Global
	GlobalSection(SolutionConfigurationPlatforms) = preSolution
		Debug|Any CPU = Debug|Any CPU
		Release|Any CPU = Release|Any CPU
	EndGlobalSection
	GlobalSection(ProjectConfigurationPlatforms) = postSolution
		{20FC38A1-4CCC-4E7D-B0CC-2E6143802CB0}.Debug|Any CPU.ActiveCfg = Debug|Any CPU
		{20FC38A1-4CCC-4E7D-B0CC-2E6143802CB0}.Debug|Any CPU.Build.0 = Debug|Any CPU
		{20FC38A1-4CCC-4E7D-B0CC-2E6143802CB0}.Release|Any CPU.ActiveCfg = Release|Any CPU
		{20FC38A1-4CCC-4E7D-B0CC-2E6143802CB0}.Release|Any CPU.Build.0 = Release|Any CPU
	EndGlobalSection
	GlobalSection(SolutionProperties) = preSolution
		HideSolutionNode = FALSE
	EndGlobalSection
	GlobalSection(ExtensibilityGlobals) = postSolution
		SolutionGuid = {A7E3FBBE-A0E6-4E37-84FB-C1E7A3FB6E45}
	EndGlobalSection
EndGlobal
